
Microsoft Visual Studio Solution File, Format Version 12.00
Project("{FAE04EC0-301F-11D3-BF4B-00C04F79EFBC}") = "NaturalLanguageTextQueryProcessing", "NaturalLanguageTextQueryProcessing.csproj", "{AED25821-64A7-4535-ADDD-197EA6512C5B}"
EndProject
Global
	GlobalSection(SolutionConfigurationPlatforms) = preSolution
		Debug|Any CPU = Debug|Any CPU
		Release|Any CPU = Release|Any CPU
	EndGlobalSection
	GlobalSection(ProjectConfigurationPlatforms) = postSolution
		{AED25821-64A7-4535-ADDD-197EA6512C5B}.Debug|Any CPU.ActiveCfg = Debug|Any CPU
		{AED25821-64A7-4535-ADDD-197EA6512C5B}.Debug|Any CPU.Build.0 = Debug|Any CPU
		{AED25821-64A7-4535-ADDD-197EA6512C5B}.Release|Any CPU.ActiveCfg = Release|Any CPU
		{AED25821-64A7-4535-ADDD-197EA6512C5B}.Release|Any CPU.Build.0 = Release|Any CPU
	EndGlobalSection
EndGlobal
